
Microsoft Visual Studio Solution File, Format Version 12.00
# Visual Studio 2017
Project("{FAE04EC0-301F-11D3-BF4B-00C04F79EFBC}") = "GameAlfa", "GameAlfa.csproj", "{54BCA9CF-95E2-D762-B1D1-5124C5E7AA36}"
EndProject
Project("{FAE04EC0-301F-11D3-BF4B-00C04F79EFBC}") = "GameAlfa.Plugins", "GameAlfa.Plugins.csproj", "{35BDCC6B-146E-C31B-77A3-94CDB0E84B63}"
EndProject
Project("{FAE04EC0-301F-11D3-BF4B-00C04F79EFBC}") = "GameAlfa.Editor.Plugins", "GameAlfa.Editor.Plugins.csproj", "{DE7A5EAD-2ACB-DA30-FF55-9815A26D194E}"
EndProject
Global
	GlobalSection(SolutionConfigurationPlatforms) = preSolution
		Debug|Any CPU = Debug|Any CPU
		Release|Any CPU = Release|Any CPU
	EndGlobalSection
	GlobalSection(ProjectConfigurationPlatforms) = postSolution
		{54BCA9CF-95E2-D762-B1D1-5124C5E7AA36}.Debug|Any CPU.ActiveCfg = Debug|Any CPU
		{54BCA9CF-95E2-D762-B1D1-5124C5E7AA36}.Debug|Any CPU.Build.0 = Debug|Any CPU
		{54BCA9CF-95E2-D762-B1D1-5124C5E7AA36}.Release|Any CPU.ActiveCfg = Release|Any CPU
		{54BCA9CF-95E2-D762-B1D1-5124C5E7AA36}.Release|Any CPU.Build.0 = Release|Any CPU
		{35BDCC6B-146E-C31B-77A3-94CDB0E84B63}.Debug|Any CPU.ActiveCfg = Debug|Any CPU
		{35BDCC6B-146E-C31B-77A3-94CDB0E84B63}.Debug|Any CPU.Build.0 = Debug|Any CPU
		{35BDCC6B-146E-C31B-77A3-94CDB0E84B63}.Release|Any CPU.ActiveCfg = Release|Any CPU
		{35BDCC6B-146E-C31B-77A3-94CDB0E84B63}.Release|Any CPU.Build.0 = Release|Any CPU
		{DE7A5EAD-2ACB-DA30-FF55-9815A26D194E}.Debug|Any CPU.ActiveCfg = Debug|Any CPU
		{DE7A5EAD-2ACB-DA30-FF55-9815A26D194E}.Debug|Any CPU.Build.0 = Debug|Any CPU
		{DE7A5EAD-2ACB-DA30-FF55-9815A26D194E}.Release|Any CPU.ActiveCfg = Release|Any CPU
		{DE7A5EAD-2ACB-DA30-FF55-9815A26D194E}.Release|Any CPU.Build.0 = Release|Any CPU
	EndGlobalSection
	GlobalSection(SolutionProperties) = preSolution
		HideSolutionNode = FALSE
	EndGlobalSection
EndGlobal
